%{"earmark": {:hex, :earmark, "0.1.19", "ffec54f520a11b711532c23d8a52b75a74c09697062d10613fa2dbdf8a9db36e", [:mix], [], "hexpm"},
  "ex_doc": {:hex, :ex_doc, "0.11.1", "43a16e4168e384213a052e6ee77723b765165b866ac52a10394dfa8f7de5b203", [:mix], [{:earmark, "~> 0.1.17 or ~> 0.2", [hex: :earmark, repo: "hexpm", optional: true]}], "hexpm"}}
